// !$*UTF8*$!
{
	archiveVersion = 1;
	classes = {
	};
	objectVersion = 48;
	objects = {

/* Begin PBXBuildFile section */
		970C68D7205C6E74007910AE /* AppDelegate.swift in Sources */ = {isa = PBXBuildFile; fileRef = 970C68D6205C6E74007910AE /* AppDelegate.swift */; };
		970C68D9205C6E74007910AE /* ViewController.swift in Sources */ = {isa = PBXBuildFile; fileRef = 970C68D8205C6E74007910AE /* ViewController.swift */; };
		970C68DC205C6E74007910AE /* Main.storyboard in Resources */ = {isa = PBXBuildFile; fileRef = 970C68DA205C6E74007910AE /* Main.storyboard */; };
		970C68DF205C6E74007910AE /* DynamicViewz.xcdatamodeld in Sources */ = {isa = PBXBuildFile; fileRef = 970C68DD205C6E74007910AE /* DynamicViewz.xcdatamodeld */; };
		970C68E1205C6E74007910AE /* Assets.xcassets in Resources */ = {isa = PBXBuildFile; fileRef = 970C68E0205C6E74007910AE /* Assets.xcassets */; };
		970C68E4205C6E74007910AE /* LaunchScreen.storyboard in Resources */ = {isa = PBXBuildFile; fileRef = 970C68E2205C6E74007910AE /* LaunchScreen.storyboard */; };
		970C68EC205C6F9F007910AE /* DynamicViewz.swift in Sources */ = {isa = PBXBuildFile; fileRef = 970C68EB205C6F9F007910AE /* DynamicViewz.swift */; };
/* End PBXBuildFile section */

/* Begin PBXFileReference section */
		970C68D3205C6E74007910AE /* DynamicViewz.app */ = {isa = PBXFileReference; explicitFileType = wrapper.application; includeInIndex = 0; path = DynamicViewz.app; sourceTree = BUILT_PRODUCTS_DIR; };
		970C68D6205C6E74007910AE /* AppDelegate.swift */ = {isa = PBXFileReference; lastKnownFileType = sourcecode.swift; path = AppDelegate.swift; sourceTree = "<group>"; };
		970C68D8205C6E74007910AE /* ViewController.swift */ = {isa = PBXFileReference; lastKnownFileType = sourcecode.swift; path = ViewController.swift; sourceTree = "<group>"; };
		970C68DB205C6E74007910AE /* Base */ = {isa = PBXFileReference; lastKnownFileType = file.storyboard; name = Base; path = Base.lproj/Main.storyboard; sourceTree = "<group>"; };
		970C68DE205C6E74007910AE /* DynamicViewz.xcdatamodel */ = {isa = PBXFileReference; lastKnownFileType = wrapper.xcdatamodel; path = DynamicViewz.xcdatamodel; sourceTree = "<group>"; };
		970C68E0205C6E74007910AE /* Assets.xcassets */ = {isa = PBXFileReference; lastKnownFileType = folder.assetcatalog; path = Assets.xcassets; sourceTree = "<group>"; };
		970C68E3205C6E74007910AE /* Base */ = {isa = PBXFileReference; lastKnownFileType = file.storyboard; name = Base; path = Base.lproj/LaunchScreen.storyboard; sourceTree = "<group>"; };
		970C68E5205C6E74007910AE /* Info.plist */ = {isa = PBXFileReference; lastKnownFileType = text.plist.xml; path = Info.plist; sourceTree = "<group>"; };
		970C68EB205C6F9F007910AE /* DynamicViewz.swift */ = {isa = PBXFileReference; lastKnownFileType = sourcecode.swift; path = DynamicViewz.swift; sourceTree = "<group>"; };
/* End PBXFileReference section */

/* Begin PBXFrameworksBuildPhase section */
		970C68D0205C6E74007910AE /* Frameworks */ = {
			isa = PBXFrameworksBuildPhase;
			buildActionMask = 2147483647;
			files = (
			);
			runOnlyForDeploymentPostprocessing = 0;
		};
/* End PBXFrameworksBuildPhase section */

/* Begin PBXGroup section */
		970C68CA205C6E74007910AE = {
			isa = PBXGroup;
			children = (
				970C68D5205C6E74007910AE /* DynamicViewz */,
				970C68D4205C6E74007910AE /* Products */,
			);
			sourceTree = "<group>";
		};
		970C68D4205C6E74007910AE /* Products */ = {
			isa = PBXGroup;
			children = (
				970C68D3205C6E74007910AE /* DynamicViewz.app */,
			);
			name = Products;
			sourceTree = "<group>";
		};
		970C68D5205C6E74007910AE /* DynamicViewz */ = {
			isa = PBXGroup;
			children = (
				970C68D6205C6E74007910AE /* AppDelegate.swift */,
				970C68D8205C6E74007910AE /* ViewController.swift */,
				970C68DA205C6E74007910AE /* Main.storyboard */,
				970C68E0205C6E74007910AE /* Assets.xcassets */,
				970C68E2205C6E74007910AE /* LaunchScreen.storyboard */,
				970C68E5205C6E74007910AE /* Info.plist */,
				970C68DD205C6E74007910AE /* DynamicViewz.xcdatamodeld */,
				970C68EB205C6F9F007910AE /* DynamicViewz.swift */,
			);
			path = DynamicViewz;
			sourceTree = "<group>";
		};
/* End PBXGroup section */

/* Begin PBXNativeTarget section */
		970C68D2205C6E74007910AE /* DynamicViewz */ = {
			isa = PBXNativeTarget;
			buildConfigurationList = 970C68E8205C6E74007910AE /* Build configuration list for PBXNativeTarget "DynamicViewz" */;
			buildPhases = (
				970C68CF205C6E74007910AE /* Sources */,
				970C68D0205C6E74007910AE /* Frameworks */,
				970C68D1205C6E74007910AE /* Resources */,
			);
			buildRules = (
			);
			dependencies = (
			);
			name = DynamicViewz;
			productName = DynamicViewz;
			productReference = 970C68D3205C6E74007910AE /* DynamicViewz.app */;
			productType = "com.apple.product-type.application";
		};
/* End PBXNativeTarget section */

/* Begin PBXProject section */
		970C68CB205C6E74007910AE /* Project object */ = {
			isa = PBXProject;
			attributes = {
				LastSwiftUpdateCheck = 0920;
				LastUpgradeCheck = 0920;
				ORGANIZATIONNAME = "Survive inc";
				TargetAttributes = {
					970C68D2205C6E74007910AE = {
						CreatedOnToolsVersion = 9.2;
						ProvisioningStyle = Automatic;
					};
				};
			};
			buildConfigurationList = 970C68CE205C6E74007910AE /* Build configuration list for PBXProject "DynamicViewz" */;
			compatibilityVersion = "Xcode 8.0";
			developmentRegion = en;
			hasScannedForEncodings = 0;
			knownRegions = (
				en,
				Base,
			);
			mainGroup = 970C68CA205C6E74007910AE;
			productRefGroup = 970C68D4205C6E74007910AE /* Products */;
			projectDirPath = "";
			projectRoot = "";
			targets = (
				970C68D2205C6E74007910AE /* DynamicViewz */,
			);
		};
/* End PBXProject section */

/* Begin PBXResourcesBuildPhase section */
		970C68D1205C6E74007910AE /* Resources */ = {
			isa = PBXResourcesBuildPhase;
			buildActionMask = 2147483647;
			files = (
				970C68E4205C6E74007910AE /* LaunchScreen.storyboard in Resources */,
				970C68E1205C6E74007910AE /* Assets.xcassets in Resources */,
				970C68DC205C6E74007910AE /* Main.storyboard in Resources */,
			);
			runOnlyForDeploymentPostprocessing = 0;
		};
/* End PBXResourcesBuildPhase section */

/* Begin PBXSourcesBuildPhase section */
		970C68CF205C6E74007910AE /* Sources */ = {
			isa = PBXSourcesBuildPhase;
			buildActionMask = 2147483647;
			files = (
				970C68DF205C6E74007910AE /* DynamicViewz.xcdatamodeld in Sources */,
				970C68D9205C6E74007910AE /* ViewController.swift in Sources */,
				970C68D7205C6E74007910AE /* AppDelegate.swift in Sources */,
				970C68EC205C6F9F007910AE /* DynamicViewz.swift in Sources */,
			);
			runOnlyForDeploymentPostprocessing = 0;
		};
/* End PBXSourcesBuildPhase section */

/* Begin PBXVariantGroup section */
		970C68DA205C6E74007910AE /* Main.storyboard */ = {
			isa = PBXVariantGroup;
			children = (
				970C68DB205C6E74007910AE /* Base */,
			);
			name = Main.storyboard;
			sourceTree = "<group>";
		};
		970C68E2205C6E74007910AE /* LaunchScreen.storyboard */ = {
			isa = PBXVariantGroup;
			children = (
				970C68E3205C6E74007910AE /* Base */,
			);
			name = LaunchScreen.storyboard;
			sourceTree = "<group>";
		};
/* End PBXVariantGroup section */

/* Begin XCBuildConfiguration section */
		970C68E6205C6E74007910AE /* Debug */ = {
			isa = XCBuildConfiguration;
			buildSettings = {
				ALWAYS_SEARCH_USER_PATHS = NO;
				CLANG_ANALYZER_NONNULL = YES;
				CLANG_ANALYZER_NUMBER_OBJECT_CONVERSION = YES_AGGRESSIVE;
				CLANG_CXX_LANGUAGE_STANDARD = "gnu++14";
				CLANG_CXX_LIBRARY = "libc++";
				CLANG_ENABLE_MODULES = YES;
				CLANG_ENABLE_OBJC_ARC = YES;
				CLANG_WARN_BLOCK_CAPTURE_AUTORELEASING = YES;
				CLANG_WARN_BOOL_CONVERSION = YES;
				CLANG_WARN_COMMA = YES;
				CLANG_WARN_CONSTANT_CONVERSION = YES;
				CLANG_WARN_DIRECT_OBJC_ISA_USAGE = YES_ERROR;
				CLANG_WARN_DOCUMENTATION_COMMENTS = YES;
				CLANG_WARN_EMPTY_BODY = YES;
				CLANG_WARN_ENUM_CONVERSION = YES;
				CLANG_WARN_INFINITE_RECURSION = YES;
				CLANG_WARN_INT_CONVERSION = YES;
				CLANG_WARN_NON_LITERAL_NULL_CONVERSION = YES;
				CLANG_WARN_OBJC_LITERAL_CONVERSION = YES;
				CLANG_WARN_OBJC_ROOT_CLASS = YES_ERROR;
				CLANG_WARN_RANGE_LOOP_ANALYSIS = YES;
				CLANG_WARN_STRICT_PROTOTYPES = YES;
				CLANG_WARN_SUSPICIOUS_MOVE = YES;
				CLANG_WARN_UNGUARDED_AVAILABILITY = YES_AGGRESSIVE;
				CLANG_WARN_UNREACHABLE_CODE = YES;
				CLANG_WARN__DUPLICATE_METHOD_MATCH = YES;
				CODE_SIGN_IDENTITY = "iPhone Developer";
				COPY_PHASE_STRIP = NO;
				DEBUG_INFORMATION_FORMAT = dwarf;
				ENABLE_STRICT_OBJC_MSGSEND = YES;
				ENABLE_TESTABILITY = YES;
				GCC_C_LANGUAGE_STANDARD = gnu11;
				GCC_DYNAMIC_NO_PIC = NO;
				GCC_NO_COMMON_BLOCKS = YES;
				GCC_OPTIMIZATION_LEVEL = 0;
				GCC_PREPROCESSOR_DEFINITIONS = (
					"DEBUG=1",
					"$(inherited)",
				);
				GCC_WARN_64_TO_32_BIT_CONVERSION = YES;
				GCC_WARN_ABOUT_RETURN_TYPE = YES_ERROR;
				GCC_WARN_UNDECLARED_SELECTOR = YES;
				GCC_WARN_UNINITIALIZED_AUTOS = YES_AGGRESSIVE;
				GCC_WARN_UNUSED_FUNCTION = YES;
				GCC_WARN_UNUSED_VARIABLE = YES;
				IPHONEOS_DEPLOYMENT_TARGET = 11.2;
				MTL_ENABLE_DEBUG_INFO = YES;
				ONLY_ACTIVE_ARCH = YES;
				SDKROOT = iphoneos;
				SWIFT_ACTIVE_COMPILATION_CONDITIONS = DEBUG;
				SWIFT_OPTIMIZATION_LEVEL = "-Onone";
			};
			name = Debug;
		};
		970C68E7205C6E74007910AE /* Release */ = {
			isa = XCBuildConfiguration;
			buildSettings = {
				ALWAYS_SEARCH_USER_PATHS = NO;
				CLANG_ANALYZER_NONNULL = YES;
				CLANG_ANALYZER_NUMBER_OBJECT_CONVERSION = YES_AGGRESSIVE;
				CLANG_CXX_LANGUAGE_STANDARD = "gnu++14";
				CLANG_CXX_LIBRARY = "libc++";
				CLANG_ENABLE_MODULES = YES;
				CLANG_ENABLE_OBJC_ARC = YES;
				CLANG_WARN_BLOCK_CAPTURE_AUTORELEASING = YES;
				CLANG_WARN_BOOL_CONVERSION = YES;
				CLANG_WARN_COMMA = YES;
				CLANG_WARN_CONSTANT_CONVERSION = YES;
				CLANG_WARN_DIRECT_OBJC_ISA_USAGE = YES_ERROR;
				CLANG_WARN_DOCUMENTATION_COMMENTS = YES;
				CLANG_WARN_EMPTY_BODY = YES;
				CLANG_WARN_ENUM_CONVERSION = YES;
				CLANG_WARN_INFINITE_RECURSION = YES;
				CLANG_WARN_INT_CONVERSION = YES;
				CLANG_WARN_NON_LITERAL_NULL_CONVERSION = YES;
				CLANG_WARN_OBJC_LITERAL_CONVERSION = YES;
				CLANG_WARN_OBJC_ROOT_CLASS = YES_ERROR;
				CLANG_WARN_RANGE_LOOP_ANALYSIS = YES;
				CLANG_WARN_STRICT_PROTOTYPES = YES;
				CLANG_WARN_SUSPICIOUS_MOVE = YES;
				CLANG_WARN_UNGUARDED_AVAILABILITY = YES_AGGRESSIVE;
				CLANG_WARN_UNREACHABLE_CODE = YES;
				CLANG_WARN__DUPLICATE_METHOD_MATCH = YES;
				CODE_SIGN_IDENTITY = "iPhone Developer";
				COPY_PHASE_STRIP = NO;
				DEBUG_INFORMATION_FORMAT = "dwarf-with-dsym";
				ENABLE_NS_ASSERTIONS = NO;
				ENABLE_STRICT_OBJC_MSGSEND = YES;
				GCC_C_LANGUAGE_STANDARD = gnu11;
				GCC_NO_COMMON_BLOCKS = YES;
				GCC_WARN_64_TO_32_BIT_CONVERSION = YES;
				GCC_WARN_ABOUT_RETURN_TYPE = YES_ERROR;
				GCC_WARN_UNDECLARED_SELECTOR = YES;
				GCC_WARN_UNINITIALIZED_AUTOS = YES_AGGRESSIVE;
				GCC_WARN_UNUSED_FUNCTION = YES;
				GCC_WARN_UNUSED_VARIABLE = YES;
				IPHONEOS_DEPLOYMENT_TARGET = 11.2;
				MTL_ENABLE_DEBUG_INFO = NO;
				SDKROOT = iphoneos;
				SWIFT_OPTIMIZATION_LEVEL = "-Owholemodule";
				VALIDATE_PRODUCT = YES;
			};
			name = Release;
		};
		970C68E9205C6E74007910AE /* Debug */ = {
			isa = XCBuildConfiguration;
			buildSettings = {
				ASSETCATALOG_COMPILER_APPICON_NAME = AppIcon;
				CODE_SIGN_STYLE = Automatic;
				DEVELOPMENT_TEAM = W3E9ZXQ38Z;
				INFOPLIST_FILE = DynamicViewz/Info.plist;
				LD_RUNPATH_SEARCH_PATHS = "$(inherited) @executable_path/Frameworks";
				PRODUCT_BUNDLE_IDENTIFIER = com.Survive.DynamicViewz;
				PRODUCT_NAME = "$(TARGET_NAME)";
				SWIFT_VERSION = 4.0;
				TARGETED_DEVICE_FAMILY = "1,2";
			};
			name = Debug;
		};
		970C68EA205C6E74007910AE /* Release */ = {
			isa = XCBuildConfiguration;
			buildSettings = {
				ASSETCATALOG_COMPILER_APPICON_NAME = AppIcon;
				CODE_SIGN_STYLE = Automatic;
				DEVELOPMENT_TEAM = W3E9ZXQ38Z;
				INFOPLIST_FILE = DynamicViewz/Info.plist;
				LD_RUNPATH_SEARCH_PATHS = "$(inherited) @executable_path/Frameworks";
				PRODUCT_BUNDLE_IDENTIFIER = com.Survive.DynamicViewz;
				PRODUCT_NAME = "$(TARGET_NAME)";
				SWIFT_VERSION = 4.0;
				TARGETED_DEVICE_FAMILY = "1,2";
			};
			name = Release;
		};
/* End XCBuildConfiguration section */

/* Begin XCConfigurationList section */
		970C68CE205C6E74007910AE /* Build configuration list for PBXProject "DynamicViewz" */ = {
			isa = XCConfigurationList;
			buildConfigurations = (
				970C68E6205C6E74007910AE /* Debug */,
				970C68E7205C6E74007910AE /* Release */,
			);
			defaultConfigurationIsVisible = 0;
			defaultConfigurationName = Release;
		};
		970C68E8205C6E74007910AE /* Build configuration list for PBXNativeTarget "DynamicViewz" */ = {
			isa = XCConfigurationList;
			buildConfigurations = (
				970C68E9205C6E74007910AE /* Debug */,
				970C68EA205C6E74007910AE /* Release */,
			);
			defaultConfigurationIsVisible = 0;
			defaultConfigurationName = Release;
		};
/* End XCConfigurationList section */

/* Begin XCVersionGroup section */
		970C68DD205C6E74007910AE /* DynamicViewz.xcdatamodeld */ = {
			isa = XCVersionGroup;
			children = (
				970C68DE205C6E74007910AE /* DynamicViewz.xcdatamodel */,
			);
			currentVersion = 970C68DE205C6E74007910AE /* DynamicViewz.xcdatamodel */;
			path = DynamicViewz.xcdatamodeld;
			sourceTree = "<group>";
			versionGroupType = wrapper.xcdatamodel;
		};
/* End XCVersionGroup section */
	};
	rootObject = 970C68CB205C6E74007910AE /* Project object */;
}
